
Microsoft Visual Studio Solution File, Format Version 12.00
# Visual Studio Version 16
VisualStudioVersion = 16.0.30114.105
MinimumVisualStudioVersion = 10.0.40219.1
Project("{2150E333-8FDC-42A3-9474-1A3956D46DE8}") = "src", "src", "{2FC3D7D8-824C-4ECD-81AA-4E27AA93287F}"
EndProject
Project("{FAE04EC0-301F-11D3-BF4B-00C04F79EFBC}") = "MyMocker.Cli", "src\MyMocker.Cli\MyMocker.Cli.csproj", "{91652DC8-5BD3-4D1D-96B0-D50A91D61106}"
EndProject
Global
	GlobalSection(SolutionConfigurationPlatforms) = preSolution
		Debug|Any CPU = Debug|Any CPU
		Release|Any CPU = Release|Any CPU
	EndGlobalSection
	GlobalSection(SolutionProperties) = preSolution
		HideSolutionNode = FALSE
	EndGlobalSection
	GlobalSection(ProjectConfigurationPlatforms) = postSolution
		{91652DC8-5BD3-4D1D-96B0-D50A91D61106}.Debug|Any CPU.ActiveCfg = Debug|Any CPU
		{91652DC8-5BD3-4D1D-96B0-D50A91D61106}.Debug|Any CPU.Build.0 = Debug|Any CPU
		{91652DC8-5BD3-4D1D-96B0-D50A91D61106}.Release|Any CPU.ActiveCfg = Release|Any CPU
		{91652DC8-5BD3-4D1D-96B0-D50A91D61106}.Release|Any CPU.Build.0 = Release|Any CPU
	EndGlobalSection
	GlobalSection(NestedProjects) = preSolution
		{91652DC8-5BD3-4D1D-96B0-D50A91D61106} = {2FC3D7D8-824C-4ECD-81AA-4E27AA93287F}
	EndGlobalSection
EndGlobal
